
Microsoft Visual Studio Solution File, Format Version 12.00
# Visual Studio 15
VisualStudioVersion = 15.0.26124.0
MinimumVisualStudioVersion = 15.0.26124.0
Project("{FAE04EC0-301F-11D3-BF4B-00C04F79EFBC}") = "Penguin.Testing.Local", "Penguin.Testing.Local.csproj", "{6916E385-14D5-4130-B8D1-0870512A293D}"
EndProject
Project("{FAE04EC0-301F-11D3-BF4B-00C04F79EFBC}") = "Penguin.Reflection.Local", "..\Penguin.Reflection\Penguin.Reflection.Local.csproj", "{D011FF10-8059-4DF6-8DCA-DE94FD9E2C64}"
EndProject
Project("{FAE04EC0-301F-11D3-BF4B-00C04F79EFBC}") = "Penguin.Debugging.Local", "..\Penguin.Debugging\Penguin.Debugging.Local.csproj", "{52AC5BEF-F189-41B8-BA2D-4EB1876500D1}"
EndProject
Project("{FAE04EC0-301F-11D3-BF4B-00C04F79EFBC}") = "Penguin.Extensions.Exceptions.Local", "..\Penguin.Extensions.Exceptions\Penguin.Extensions.Exceptions.Local.csproj", "{1271086A-0124-440A-B700-6C805380B6B4}"
EndProject
Project("{FAE04EC0-301F-11D3-BF4B-00C04F79EFBC}") = "Penguin.Reflection.Abstractions.Local", "..\Penguin.Reflection.Abstractions\Penguin.Reflection.Abstractions.Local.csproj", "{58F84811-3037-4818-9445-7805463D6E63}"
EndProject
Global
	GlobalSection(SolutionConfigurationPlatforms) = preSolution
		Debug|Any CPU = Debug|Any CPU
		Debug|x64 = Debug|x64
		Debug|x86 = Debug|x86
		Release|Any CPU = Release|Any CPU
		Release|x64 = Release|x64
		Release|x86 = Release|x86
	EndGlobalSection
	GlobalSection(SolutionProperties) = preSolution
		HideSolutionNode = FALSE
	EndGlobalSection
	GlobalSection(ProjectConfigurationPlatforms) = postSolution
		{6916E385-14D5-4130-B8D1-0870512A293D}.Debug|Any CPU.ActiveCfg = Debug|Any CPU
		{6916E385-14D5-4130-B8D1-0870512A293D}.Debug|Any CPU.Build.0 = Debug|Any CPU
		{6916E385-14D5-4130-B8D1-0870512A293D}.Debug|x64.ActiveCfg = Debug|Any CPU
		{6916E385-14D5-4130-B8D1-0870512A293D}.Debug|x64.Build.0 = Debug|Any CPU
		{6916E385-14D5-4130-B8D1-0870512A293D}.Debug|x86.ActiveCfg = Debug|Any CPU
		{6916E385-14D5-4130-B8D1-0870512A293D}.Debug|x86.Build.0 = Debug|Any CPU
		{6916E385-14D5-4130-B8D1-0870512A293D}.Release|Any CPU.ActiveCfg = Release|Any CPU
		{6916E385-14D5-4130-B8D1-0870512A293D}.Release|Any CPU.Build.0 = Release|Any CPU
		{6916E385-14D5-4130-B8D1-0870512A293D}.Release|x64.ActiveCfg = Release|Any CPU
		{6916E385-14D5-4130-B8D1-0870512A293D}.Release|x64.Build.0 = Release|Any CPU
		{6916E385-14D5-4130-B8D1-0870512A293D}.Release|x86.ActiveCfg = Release|Any CPU
		{6916E385-14D5-4130-B8D1-0870512A293D}.Release|x86.Build.0 = Release|Any CPU
		{D011FF10-8059-4DF6-8DCA-DE94FD9E2C64}.Debug|Any CPU.ActiveCfg = Debug|Any CPU
		{D011FF10-8059-4DF6-8DCA-DE94FD9E2C64}.Debug|Any CPU.Build.0 = Debug|Any CPU
		{D011FF10-8059-4DF6-8DCA-DE94FD9E2C64}.Debug|x64.ActiveCfg = Debug|Any CPU
		{D011FF10-8059-4DF6-8DCA-DE94FD9E2C64}.Debug|x64.Build.0 = Debug|Any CPU
		{D011FF10-8059-4DF6-8DCA-DE94FD9E2C64}.Debug|x86.ActiveCfg = Debug|Any CPU
		{D011FF10-8059-4DF6-8DCA-DE94FD9E2C64}.Debug|x86.Build.0 = Debug|Any CPU
		{D011FF10-8059-4DF6-8DCA-DE94FD9E2C64}.Release|Any CPU.ActiveCfg = Release|Any CPU
		{D011FF10-8059-4DF6-8DCA-DE94FD9E2C64}.Release|Any CPU.Build.0 = Release|Any CPU
		{D011FF10-8059-4DF6-8DCA-DE94FD9E2C64}.Release|x64.ActiveCfg = Release|Any CPU
		{D011FF10-8059-4DF6-8DCA-DE94FD9E2C64}.Release|x64.Build.0 = Release|Any CPU
		{D011FF10-8059-4DF6-8DCA-DE94FD9E2C64}.Release|x86.ActiveCfg = Release|Any CPU
		{D011FF10-8059-4DF6-8DCA-DE94FD9E2C64}.Release|x86.Build.0 = Release|Any CPU
		{52AC5BEF-F189-41B8-BA2D-4EB1876500D1}.Debug|Any CPU.ActiveCfg = Debug|Any CPU
		{52AC5BEF-F189-41B8-BA2D-4EB1876500D1}.Debug|Any CPU.Build.0 = Debug|Any CPU
		{52AC5BEF-F189-41B8-BA2D-4EB1876500D1}.Debug|x64.ActiveCfg = Debug|Any CPU
		{52AC5BEF-F189-41B8-BA2D-4EB1876500D1}.Debug|x64.Build.0 = Debug|Any CPU
		{52AC5BEF-F189-41B8-BA2D-4EB1876500D1}.Debug|x86.ActiveCfg = Debug|Any CPU
		{52AC5BEF-F189-41B8-BA2D-4EB1876500D1}.Debug|x86.Build.0 = Debug|Any CPU
		{52AC5BEF-F189-41B8-BA2D-4EB1876500D1}.Release|Any CPU.ActiveCfg = Release|Any CPU
		{52AC5BEF-F189-41B8-BA2D-4EB1876500D1}.Release|Any CPU.Build.0 = Release|Any CPU
		{52AC5BEF-F189-41B8-BA2D-4EB1876500D1}.Release|x64.ActiveCfg = Release|Any CPU
		{52AC5BEF-F189-41B8-BA2D-4EB1876500D1}.Release|x64.Build.0 = Release|Any CPU
		{52AC5BEF-F189-41B8-BA2D-4EB1876500D1}.Release|x86.ActiveCfg = Release|Any CPU
		{52AC5BEF-F189-41B8-BA2D-4EB1876500D1}.Release|x86.Build.0 = Release|Any CPU
		{1271086A-0124-440A-B700-6C805380B6B4}.Debug|Any CPU.ActiveCfg = Debug|Any CPU
		{1271086A-0124-440A-B700-6C805380B6B4}.Debug|Any CPU.Build.0 = Debug|Any CPU
		{1271086A-0124-440A-B700-6C805380B6B4}.Debug|x64.ActiveCfg = Debug|Any CPU
		{1271086A-0124-440A-B700-6C805380B6B4}.Debug|x64.Build.0 = Debug|Any CPU
		{1271086A-0124-440A-B700-6C805380B6B4}.Debug|x86.ActiveCfg = Debug|Any CPU
		{1271086A-0124-440A-B700-6C805380B6B4}.Debug|x86.Build.0 = Debug|Any CPU
		{1271086A-0124-440A-B700-6C805380B6B4}.Release|Any CPU.ActiveCfg = Release|Any CPU
		{1271086A-0124-440A-B700-6C805380B6B4}.Release|Any CPU.Build.0 = Release|Any CPU
		{1271086A-0124-440A-B700-6C805380B6B4}.Release|x64.ActiveCfg = Release|Any CPU
		{1271086A-0124-440A-B700-6C805380B6B4}.Release|x64.Build.0 = Release|Any CPU
		{1271086A-0124-440A-B700-6C805380B6B4}.Release|x86.ActiveCfg = Release|Any CPU
		{1271086A-0124-440A-B700-6C805380B6B4}.Release|x86.Build.0 = Release|Any CPU
		{58F84811-3037-4818-9445-7805463D6E63}.Debug|Any CPU.ActiveCfg = Debug|Any CPU
		{58F84811-3037-4818-9445-7805463D6E63}.Debug|Any CPU.Build.0 = Debug|Any CPU
		{58F84811-3037-4818-9445-7805463D6E63}.Debug|x64.ActiveCfg = Debug|Any CPU
		{58F84811-3037-4818-9445-7805463D6E63}.Debug|x64.Build.0 = Debug|Any CPU
		{58F84811-3037-4818-9445-7805463D6E63}.Debug|x86.ActiveCfg = Debug|Any CPU
		{58F84811-3037-4818-9445-7805463D6E63}.Debug|x86.Build.0 = Debug|Any CPU
		{58F84811-3037-4818-9445-7805463D6E63}.Release|Any CPU.ActiveCfg = Release|Any CPU
		{58F84811-3037-4818-9445-7805463D6E63}.Release|Any CPU.Build.0 = Release|Any CPU
		{58F84811-3037-4818-9445-7805463D6E63}.Release|x64.ActiveCfg = Release|Any CPU
		{58F84811-3037-4818-9445-7805463D6E63}.Release|x64.Build.0 = Release|Any CPU
		{58F84811-3037-4818-9445-7805463D6E63}.Release|x86.ActiveCfg = Release|Any CPU
		{58F84811-3037-4818-9445-7805463D6E63}.Release|x86.Build.0 = Release|Any CPU
	EndGlobalSection
EndGlobal
